Microsoft Visual Studio Solution File, Format Version 12.00
# Visual Studio 2012
Project("{FAE04EC0-301F-11D3-BF4B-00C04F79EFBC}") = "MicroDiablo", "MicroDiablo.csproj", "{06FB266D-2FCE-4F37-B304-B9FD07F6DEA3}"
EndProject
Global
	GlobalSection(SolutionConfigurationPlatforms) = preSolution
	Debug|Any CPU = Debug|Any CPU
	ExportDebug|Any CPU = ExportDebug|Any CPU
	ExportRelease|Any CPU = ExportRelease|Any CPU
	EndGlobalSection
	GlobalSection(ProjectConfigurationPlatforms) = postSolution
		{06FB266D-2FCE-4F37-B304-B9FD07F6DEA3}.Debug|Any CPU.ActiveCfg = Debug|Any CPU
		{06FB266D-2FCE-4F37-B304-B9FD07F6DEA3}.Debug|Any CPU.Build.0 = Debug|Any CPU
		{06FB266D-2FCE-4F37-B304-B9FD07F6DEA3}.ExportDebug|Any CPU.ActiveCfg = ExportDebug|Any CPU
		{06FB266D-2FCE-4F37-B304-B9FD07F6DEA3}.ExportDebug|Any CPU.Build.0 = ExportDebug|Any CPU
		{06FB266D-2FCE-4F37-B304-B9FD07F6DEA3}.ExportRelease|Any CPU.ActiveCfg = ExportRelease|Any CPU
		{06FB266D-2FCE-4F37-B304-B9FD07F6DEA3}.ExportRelease|Any CPU.Build.0 = ExportRelease|Any CPU
	EndGlobalSection
EndGlobal
